
Microsoft Visual Studio Solution File, Format Version 12.00
# Visual Studio Version 17
VisualStudioVersion = 17.4.33103.184
MinimumVisualStudioVersion = 10.0.40219.1
Project("{FAE04EC0-301F-11D3-BF4B-00C04F79EFBC}") = "gitapp", "gitapp\gitapp.csproj", "{ECF12BF3-A9EE-4106-BCB0-C98CBE065B48}"
EndProject
Global
	GlobalSection(SolutionConfigurationPlatforms) = preSolution
		Debug|Any CPU = Debug|Any CPU
		Release|Any CPU = Release|Any CPU
	EndGlobalSection
	GlobalSection(ProjectConfigurationPlatforms) = postSolution
		{ECF12BF3-A9EE-4106-BCB0-C98CBE065B48}.Debug|Any CPU.ActiveCfg = Debug|Any CPU
		{ECF12BF3-A9EE-4106-BCB0-C98CBE065B48}.Debug|Any CPU.Build.0 = Debug|Any CPU
		{ECF12BF3-A9EE-4106-BCB0-C98CBE065B48}.Release|Any CPU.ActiveCfg = Release|Any CPU
		{ECF12BF3-A9EE-4106-BCB0-C98CBE065B48}.Release|Any CPU.Build.0 = Release|Any CPU
	EndGlobalSection
	GlobalSection(SolutionProperties) = preSolution
		HideSolutionNode = FALSE
	EndGlobalSection
	GlobalSection(ExtensibilityGlobals) = postSolution
		SolutionGuid = {17AC92C9-9FB8-4130-9F20-1510A2CEDFCB}
	EndGlobalSection
EndGlobal
